# THIS IS AN AUTOGENERATED FILE. DO NOT EDIT THIS FILE DIRECTLY.
# yarn lockfile v1


"@vue/reactivity@~3.1.1":
  version "3.1.5"
  resolved "https://registry.yarnpkg.com/@vue/reactivity/-/reactivity-3.1.5.tgz#dbec4d9557f7c8f25c2635db1e23a78a729eb991"
  integrity sha512-1tdfLmNjWG6t/CsPldh+foumYFo3cpyCHgBYQ34ylaMsJ+SNHQ1kApMIa8jN+i593zQuaw3AdWH0nJTARzCFhg==
  dependencies:
    "@vue/shared" "3.1.5"

"@vue/shared@3.1.5":
  version "3.1.5"
  resolved "https://registry.yarnpkg.com/@vue/shared/-/shared-3.1.5.tgz#74ee3aad995d0a3996a6bb9533d4d280514ede03"
  integrity sha512-oJ4F3TnvpXaQwZJNF3ZK+kLPHKarDmJjJ6jyzVNDKH9md1dptjC7lWR//jrGuLdek/U6iltWxqAnYOu8gCiOvA==

alpinejs@^3.8.1:
  version "3.8.1"
  resolved "https://registry.yarnpkg.com/alpinejs/-/alpinejs-3.8.1.tgz#8474606961b4d8886b9ba6e17e9ed3e344e79bfe"
  integrity sha512-IZ82+7C2PlzfvgvA6yfyiCzEn9CZGWwpBqqiHBTABOXs8WS6f1a30Va7yOemTgSzW6QGT/iEWRXG/XEbat/X7A==
  dependencies:
    "@vue/reactivity" "~3.1.1"

"phoenix@file:../deps/phoenix":
  version "1.6.6"

"phoenix_html@file:../deps/phoenix_html":
  version "3.2.0"

"phoenix_live_view@file:../deps/phoenix_live_view":
  version "0.17.6"
