# THIS IS AN AUTOGENERATED FILE. DO NOT EDIT THIS FILE DIRECTLY.
# yarn lockfile v1


"@kingshott/iodine@^7.0.1":
  version "7.0.1"
  resolved "https://registry.yarnpkg.com/@kingshott/iodine/-/iodine-7.0.1.tgz#72ac65e7ce78c0f9eb3169a1ecb491365d08fa4a"
  integrity sha512-alONlPCVffQqOGwNu8KYvpAikMXxjCIYH2pFASvZZDYz60a7h6sBQz24CC9MikuC1dOGIXEEnwHbYNhtuCaemw==

"@tailwindcss/forms@^0.4.0":
  version "0.4.0"
  resolved "https://registry.yarnpkg.com/@tailwindcss/forms/-/forms-0.4.0.tgz#a46715e347a32d216a3973eb67473bd29ae3798e"
  integrity sha512-DeaQBx6EgEeuZPQACvC+mKneJsD8am1uiJugjgQK1+/Vt+Ai0GpFBC2T2fqnUad71WgOxyrZPE6BG1VaI6YqfQ==
  dependencies:
    mini-svg-data-uri "^1.2.3"

"@vue/reactivity@~3.1.1":
  version "3.1.5"
  resolved "https://registry.yarnpkg.com/@vue/reactivity/-/reactivity-3.1.5.tgz#dbec4d9557f7c8f25c2635db1e23a78a729eb991"
  integrity sha512-1tdfLmNjWG6t/CsPldh+foumYFo3cpyCHgBYQ34ylaMsJ+SNHQ1kApMIa8jN+i593zQuaw3AdWH0nJTARzCFhg==
  dependencies:
    "@vue/shared" "3.1.5"

"@vue/shared@3.1.5":
  version "3.1.5"
  resolved "https://registry.yarnpkg.com/@vue/shared/-/shared-3.1.5.tgz#74ee3aad995d0a3996a6bb9533d4d280514ede03"
  integrity sha512-oJ4F3TnvpXaQwZJNF3ZK+kLPHKarDmJjJ6jyzVNDKH9md1dptjC7lWR//jrGuLdek/U6iltWxqAnYOu8gCiOvA==

aes@0.1.0:
  version "0.1.0"
  resolved "https://registry.yarnpkg.com/aes/-/aes-0.1.0.tgz#75ca7ceb78e536d43eef10649ffaa1cb2ac7509d"
  integrity sha1-dcp863jlNtQ+7xBkn/qhyyrHUJ0=

alpinejs@^3.8.1:
  version "3.8.1"
  resolved "https://registry.yarnpkg.com/alpinejs/-/alpinejs-3.8.1.tgz#8474606961b4d8886b9ba6e17e9ed3e344e79bfe"
  integrity sha512-IZ82+7C2PlzfvgvA6yfyiCzEn9CZGWwpBqqiHBTABOXs8WS6f1a30Va7yOemTgSzW6QGT/iEWRXG/XEbat/X7A==
  dependencies:
    "@vue/reactivity" "~3.1.1"

apexcharts@^3.33.0:
  version "3.33.0"
  resolved "https://registry.yarnpkg.com/apexcharts/-/apexcharts-3.33.0.tgz#8fb807fb6c5a55a37a1168f0dbf0548d1ae69fdb"
  integrity sha512-gOc0qZijuomtXTThLbb0sKn+mZJkVQADyK/Zw9vQ0JjKVbMYxzek61xk40hT49i1Sq6/MUqsz0WgUXYpqqf8Mg==
  dependencies:
    svg.draggable.js "^2.2.2"
    svg.easing.js "^2.0.0"
    svg.filter.js "^2.0.2"
    svg.pathmorphing.js "^0.1.3"
    svg.resize.js "^1.4.3"
    svg.select.js "^3.0.1"

assertion-error@^1.1.0:
  version "1.1.0"
  resolved "https://registry.yarnpkg.com/assertion-error/-/assertion-error-1.1.0.tgz#e60b6b0e8f301bd97e5375215bda406c85118c0b"
  integrity sha512-jgsaNduz+ndvGyFt3uSuWqvy4lCnIJiovtouQN5JZHOKCS2QuhEdbcQHFhVksz2N2U9hXJo8odG7ETyWlEeuDw==

axios@^0.26.0:
  version "0.26.0"
  resolved "https://registry.yarnpkg.com/axios/-/axios-0.26.0.tgz#9a318f1c69ec108f8cd5f3c3d390366635e13928"
  integrity sha512-lKoGLMYtHvFrPVt3r+RBMp9nh34N0M8zEfCWqdWZx6phynIEhQqAdydpyBAAG211zlhX9Rgu08cOamy6XjE5Og==
  dependencies:
    follow-redirects "^1.14.8"

base-x@^3.0.2:
  version "3.0.9"
  resolved "https://registry.yarnpkg.com/base-x/-/base-x-3.0.9.tgz#6349aaabb58526332de9f60995e548a53fe21320"
  integrity sha512-H7JU6iBHTal1gp56aKoaa//YUxEaAOUiydvrV/pILqIHXTtqxSkATOnDA2u+jZ/61sD+L/412+7kzXRtWukhpQ==
  dependencies:
    safe-buffer "^5.0.1"

base64-js@^1.3.1:
  version "1.5.1"
  resolved "https://registry.yarnpkg.com/base64-js/-/base64-js-1.5.1.tgz#1b1b440160a5bf7ad40b650f095963481903930a"
  integrity sha512-AKpaYlHn8t4SVbOHCy+b5+KKgvR4vrsD8vbvrbiQJps7fKDTkjkDry6ji0rUJjC0kzbNePLwzxq8iypo41qeWA==

bitcoin-elliptic@^7.0.1:
  version "7.0.1"
  resolved "https://registry.yarnpkg.com/bitcoin-elliptic/-/bitcoin-elliptic-7.0.1.tgz#bbdcddea28cdbbd5316c012374764d383ac59e69"
  integrity sha512-eJIERwXIIjJK7gfVoevk0G1CbYbxezZ6ePZXIxngjyI+QQHXWqXMbY+gpxsND8FCLvWl050fw6W+PVZge5fBHw==
  dependencies:
    bn.js "^5.1.1"
    brorand "^1.0.1"
    hash.js "^1.0.0"
    hmac-drbg "^1.0.0"
    inherits "^2.0.1"
    minimalistic-assert "^1.0.0"
    minimalistic-crypto-utils "^1.0.0"

bn.js@^5.1.1:
  version "5.2.0"
  resolved "https://registry.yarnpkg.com/bn.js/-/bn.js-5.2.0.tgz#358860674396c6997771a9d051fcc1b57d4ae002"
  integrity sha512-D7iWRBvnZE8ecXiLj/9wbxH7Tk79fAh8IHaTNq1RWRixsS02W+5qS+iE9yq6RYl0asXx5tw0bLhmT5pIfbSquw==

brorand@^1.0.1:
  version "1.1.0"
  resolved "https://registry.yarnpkg.com/brorand/-/brorand-1.1.0.tgz#12c25efe40a45e3c323eb8675a0a0ce57b22371f"
  integrity sha1-EsJe/kCkXjwyPrhnWgoM5XsiNx8=

bs58@4.0.1:
  version "4.0.1"
  resolved "https://registry.yarnpkg.com/bs58/-/bs58-4.0.1.tgz#be161e76c354f6f788ae4071f63f34e8c4f0a42a"
  integrity sha1-vhYedsNU9veIrkBx9j806MTwpCo=
  dependencies:
    base-x "^3.0.2"

bsv@^2.0.10:
  version "2.0.10"
  resolved "https://registry.yarnpkg.com/bsv/-/bsv-2.0.10.tgz#7eaaa6b5cc9806570eefff18f2cf8704c821b8b7"
  integrity sha512-3zMs39EaPWV6QGKYZdsrtd3q/Pnrb2B5/MkKPa1HIe8sEmLIQpHKj5DF867En0gjHSSJ91LnOCpwuujZugxqtA==
  dependencies:
    aes "0.1.0"
    bitcoin-elliptic "^7.0.1"
    bn.js "^5.1.1"
    bs58 "4.0.1"
    buffer "^6.0.3"
    chai "^4.2.0"
    hash.js "^1.1.7"
    is-hex "1.1.3"
    pbkdf2 "3.1.1"
    randombytes "^2.1.0"

buffer@^6.0.3:
  version "6.0.3"
  resolved "https://registry.yarnpkg.com/buffer/-/buffer-6.0.3.tgz#2ace578459cc8fbe2a70aaa8f52ee63b6a74c6c6"
  integrity sha512-FTiCpNxtwiZZHEZbcbTIcZjERVICn9yq/pDFkTl95/AxzD1naBctN7YO68riM/gLSDY7sdrMby8hofADYuuqOA==
  dependencies:
    base64-js "^1.3.1"
    ieee754 "^1.2.1"

chai@^4.2.0:
  version "4.3.6"
  resolved "https://registry.yarnpkg.com/chai/-/chai-4.3.6.tgz#ffe4ba2d9fa9d6680cc0b370adae709ec9011e9c"
  integrity sha512-bbcp3YfHCUzMOvKqsztczerVgBKSsEijCySNlHHbX3VG1nskvqjz5Rfso1gGwD6w6oOV3eI60pKuMOV5MV7p3Q==
  dependencies:
    assertion-error "^1.1.0"
    check-error "^1.0.2"
    deep-eql "^3.0.1"
    get-func-name "^2.0.0"
    loupe "^2.3.1"
    pathval "^1.1.1"
    type-detect "^4.0.5"

check-error@^1.0.2:
  version "1.0.2"
  resolved "https://registry.yarnpkg.com/check-error/-/check-error-1.0.2.tgz#574d312edd88bb5dd8912e9286dd6c0aed4aac82"
  integrity sha1-V00xLt2Iu13YkS6Sht1sCu1KrII=

cipher-base@^1.0.1, cipher-base@^1.0.3:
  version "1.0.4"
  resolved "https://registry.yarnpkg.com/cipher-base/-/cipher-base-1.0.4.tgz#8760e4ecc272f4c363532f926d874aae2c1397de"
  integrity sha512-Kkht5ye6ZGmwv40uUDZztayT2ThLQGfnj/T71N/XzeZeo3nf8foyW7zGTsPYkEya3m5f3cAypH+qe7YOrM1U2Q==
  dependencies:
    inherits "^2.0.1"
    safe-buffer "^5.0.1"

create-hash@^1.1.0, create-hash@^1.1.2:
  version "1.2.0"
  resolved "https://registry.yarnpkg.com/create-hash/-/create-hash-1.2.0.tgz#889078af11a63756bcfb59bd221996be3a9ef196"
  integrity sha512-z00bCGNHDG8mHAkP7CtT1qVu+bFQUPjYq/4Iv3C3kWjTFV10zIjfSoeqXo9Asws8gwSHDGj/hl2u4OGIjapeCg==
  dependencies:
    cipher-base "^1.0.1"
    inherits "^2.0.1"
    md5.js "^1.3.4"
    ripemd160 "^2.0.1"
    sha.js "^2.4.0"

create-hmac@^1.1.4:
  version "1.1.7"
  resolved "https://registry.yarnpkg.com/create-hmac/-/create-hmac-1.1.7.tgz#69170c78b3ab957147b2b8b04572e47ead2243ff"
  integrity sha512-MJG9liiZ+ogc4TzUwuvbER1JRdgvUFSB5+VR/g5h82fGaIRWMWddtKBHi7/sVhfjQZ6SehlyhvQYrcYkaUIpLg==
  dependencies:
    cipher-base "^1.0.3"
    create-hash "^1.1.0"
    inherits "^2.0.1"
    ripemd160 "^2.0.0"
    safe-buffer "^5.0.1"
    sha.js "^2.4.8"

deep-eql@^3.0.1:
  version "3.0.1"
  resolved "https://registry.yarnpkg.com/deep-eql/-/deep-eql-3.0.1.tgz#dfc9404400ad1c8fe023e7da1df1c147c4b444df"
  integrity sha512-+QeIQyN5ZuO+3Uk5DYh6/1eKO0m0YmJFGNmFHGACpf1ClL1nmlV/p4gNgbl2pJGxgXb4faqo6UE+M5ACEMyVcw==
  dependencies:
    type-detect "^4.0.0"

eventemitter3@^4.0.7:
  version "4.0.7"
  resolved "https://registry.yarnpkg.com/eventemitter3/-/eventemitter3-4.0.7.tgz#2de9b68f6528d5644ef5c59526a1b4a07306169f"
  integrity sha512-8guHBZCwKnFhYdHr2ysuRWErTwhoN2X8XELRlrRwpmfeY2jjuUN4taQMsULKUVo1K4DvZl+0pgfyoysHxvmvEw==

follow-redirects@^1.14.8:
  version "1.14.9"
  resolved "https://registry.yarnpkg.com/follow-redirects/-/follow-redirects-1.14.9.tgz#dd4ea157de7bfaf9ea9b3fbd85aa16951f78d8d7"
  integrity sha512-MQDfihBQYMcyy5dhRDJUHcw7lb2Pv/TuE6xP1vyraLukNDHKbDxDNaOE3NbCAdKQApno+GPRyo1YAp89yCjK4w==

get-func-name@^2.0.0:
  version "2.0.0"
  resolved "https://registry.yarnpkg.com/get-func-name/-/get-func-name-2.0.0.tgz#ead774abee72e20409433a066366023dd6887a41"
  integrity sha1-6td0q+5y4gQJQzoGY2YCPdaIekE=

hash-base@^3.0.0:
  version "3.1.0"
  resolved "https://registry.yarnpkg.com/hash-base/-/hash-base-3.1.0.tgz#55c381d9e06e1d2997a883b4a3fddfe7f0d3af33"
  integrity sha512-1nmYp/rhMDiE7AYkDw+lLwlAzz0AntGIe51F3RfFfEqyQ3feY2eI/NcwC6umIQVOASPMsWJLJScWKSSvzL9IVA==
  dependencies:
    inherits "^2.0.4"
    readable-stream "^3.6.0"
    safe-buffer "^5.2.0"

hash.js@^1.0.0, hash.js@^1.0.3, hash.js@^1.1.7:
  version "1.1.7"
  resolved "https://registry.yarnpkg.com/hash.js/-/hash.js-1.1.7.tgz#0babca538e8d4ee4a0f8988d68866537a003cf42"
  integrity sha512-taOaskGt4z4SOANNseOviYDvjEJinIkRgmp7LbKP2YTTmVxWBl87s/uzK9r+44BclBSp2X7K1hqeNfz9JbBeXA==
  dependencies:
    inherits "^2.0.3"
    minimalistic-assert "^1.0.1"

hmac-drbg@^1.0.0:
  version "1.0.1"
  resolved "https://registry.yarnpkg.com/hmac-drbg/-/hmac-drbg-1.0.1.tgz#d2745701025a6c775a6c545793ed502fc0c649a1"
  integrity sha1-0nRXAQJabHdabFRXk+1QL8DGSaE=
  dependencies:
    hash.js "^1.0.3"
    minimalistic-assert "^1.0.0"
    minimalistic-crypto-utils "^1.0.1"

ieee754@^1.2.1:
  version "1.2.1"
  resolved "https://registry.yarnpkg.com/ieee754/-/ieee754-1.2.1.tgz#8eb7a10a63fff25d15a57b001586d177d1b0d352"
  integrity sha512-dcyqhDvX1C46lXZcVqCpK+FtMRQVdIMN6/Df5js2zouUsqG7I6sFxitIC+7KYK29KdXOLHdu9zL4sFnoVQnqaA==

inherits@^2.0.1, inherits@^2.0.3, inherits@^2.0.4:
  version "2.0.4"
  resolved "https://registry.yarnpkg.com/inherits/-/inherits-2.0.4.tgz#0fa2c64f932917c3433a0ded55363aae37416b7c"
  integrity sha512-k/vGaX4/Yla3WzyMCvTQOXYeIHvqOKtnqBduzTHpzpQZzAskKMhZ2K+EnBiSM9zGSoIFeMpXKxa4dYeZIQqewQ==

is-hex@1.1.3:
  version "1.1.3"
  resolved "https://registry.yarnpkg.com/is-hex/-/is-hex-1.1.3.tgz#440259c079681e0372e52156aa67a233c3975dee"
  integrity sha1-RAJZwHloHgNy5SFWqmeiM8OXXe4=

loupe@^2.3.1:
  version "2.3.4"
  resolved "https://registry.yarnpkg.com/loupe/-/loupe-2.3.4.tgz#7e0b9bffc76f148f9be769cb1321d3dcf3cb25f3"
  integrity sha512-OvKfgCC2Ndby6aSTREl5aCCPTNIzlDfQZvZxNUrBrihDhL3xcrYegTblhmEiCrg2kKQz4XsFIaemE5BF4ybSaQ==
  dependencies:
    get-func-name "^2.0.0"

md5.js@^1.3.4:
  version "1.3.5"
  resolved "https://registry.yarnpkg.com/md5.js/-/md5.js-1.3.5.tgz#b5d07b8e3216e3e27cd728d72f70d1e6a342005f"
  integrity sha512-xitP+WxNPcTTOgnTJcrhM0xvdPepipPSf3I8EIpGKeFLjt3PlJLIDG3u8EX53ZIubkb+5U2+3rELYpEhHhzdkg==
  dependencies:
    hash-base "^3.0.0"
    inherits "^2.0.1"
    safe-buffer "^5.1.2"

mini-svg-data-uri@^1.2.3:
  version "1.4.3"
  resolved "https://registry.yarnpkg.com/mini-svg-data-uri/-/mini-svg-data-uri-1.4.3.tgz#43177b2e93766ba338931a3e2a84a3dfd3a222b8"
  integrity sha512-gSfqpMRC8IxghvMcxzzmMnWpXAChSA+vy4cia33RgerMS8Fex95akUyQZPbxJJmeBGiGmK7n/1OpUX8ksRjIdA==

minimalistic-assert@^1.0.0, minimalistic-assert@^1.0.1:
  version "1.0.1"
  resolved "https://registry.yarnpkg.com/minimalistic-assert/-/minimalistic-assert-1.0.1.tgz#2e194de044626d4a10e7f7fbc00ce73e83e4d5c7"
  integrity sha512-UtJcAD4yEaGtjPezWuO9wC4nwUnVH/8/Im3yEHQP4b67cXlD/Qr9hdITCU1xDbSEXg2XKNaP8jsReV7vQd00/A==

minimalistic-crypto-utils@^1.0.0, minimalistic-crypto-utils@^1.0.1:
  version "1.0.1"
  resolved "https://registry.yarnpkg.com/minimalistic-crypto-utils/-/minimalistic-crypto-utils-1.0.1.tgz#f6c00c1c0b082246e5c4d99dfb8c7c083b2b582a"
  integrity sha1-9sAMHAsIIkblxNmd+4x8CDsrWCo=

pathval@^1.1.1:
  version "1.1.1"
  resolved "https://registry.yarnpkg.com/pathval/-/pathval-1.1.1.tgz#8534e77a77ce7ac5a2512ea21e0fdb8fcf6c3d8d"
  integrity sha512-Dp6zGqpTdETdR63lehJYPeIOqpiNBNtc7BpWSLrOje7UaIsE5aY92r/AunQA7rsXvet3lrJ3JnZX29UPTKXyKQ==

pbkdf2@3.1.1:
  version "3.1.1"
  resolved "https://registry.yarnpkg.com/pbkdf2/-/pbkdf2-3.1.1.tgz#cb8724b0fada984596856d1a6ebafd3584654b94"
  integrity sha512-4Ejy1OPxi9f2tt1rRV7Go7zmfDQ+ZectEQz3VGUQhgq62HtIRPDyG/JtnwIxs6x3uNMwo2V7q1fMvKjb+Tnpqg==
  dependencies:
    create-hash "^1.1.2"
    create-hmac "^1.1.4"
    ripemd160 "^2.0.1"
    safe-buffer "^5.0.1"
    sha.js "^2.4.8"

"phoenix@file:../deps/phoenix":
  version "1.6.6"

"phoenix_html@file:../deps/phoenix_html":
  version "3.2.0"

"phoenix_live_view@file:../deps/phoenix_live_view":
  version "0.17.6"

prando@^6.0.1:
  version "6.0.1"
  resolved "https://registry.yarnpkg.com/prando/-/prando-6.0.1.tgz#ffa8de84c2adc4975dd9df37ae4ada0458face53"
  integrity sha512-ghUWxQ1T9IJmPu6eshc3VU0OwveUtXQ33ZLXYUcz1Oc5ppKLDXKp0TBDj6b0epwhEctzcQSNGR2iHyvQSn4W5A==

qr-creator@^1.0.0:
  version "1.0.0"
  resolved "https://registry.yarnpkg.com/qr-creator/-/qr-creator-1.0.0.tgz#f350a8f0b5be02bd1fc1ef133a038a06ef8bc5ef"
  integrity sha512-C0cqfbS1P5hfqN4NhsYsUXePlk9BO+a45bAQ3xLYjBL3bOIFzoVEjs79Fado9u9BPBD3buHi3+vY+C8tHh4qMQ==

randombytes@^2.1.0:
  version "2.1.0"
  resolved "https://registry.yarnpkg.com/randombytes/-/randombytes-2.1.0.tgz#df6f84372f0270dc65cdf6291349ab7a473d4f2a"
  integrity sha512-vYl3iOX+4CKUWuxGi9Ukhie6fsqXqS9FE2Zaic4tNFD2N2QQaXOMFbuKK4QmDHC0JO6B1Zp41J0LpT0oR68amQ==
  dependencies:
    safe-buffer "^5.1.0"

readable-stream@^3.6.0:
  version "3.6.0"
  resolved "https://registry.yarnpkg.com/readable-stream/-/readable-stream-3.6.0.tgz#337bbda3adc0706bd3e024426a286d4b4b2c9198"
  integrity sha512-BViHy7LKeTz4oNnkcLJ+lVSL6vpiFeX6/d3oSH8zCW7UxP2onchk+vTGB143xuFjHS3deTgkKoXXymXqymiIdA==
  dependencies:
    inherits "^2.0.3"
    string_decoder "^1.1.1"
    util-deprecate "^1.0.1"

ripemd160@^2.0.0, ripemd160@^2.0.1:
  version "2.0.2"
  resolved "https://registry.yarnpkg.com/ripemd160/-/ripemd160-2.0.2.tgz#a1c1a6f624751577ba5d07914cbc92850585890c"
  integrity sha512-ii4iagi25WusVoiC4B4lq7pbXfAp3D9v5CwfkY33vffw2+pkDjY1D8GaN7spsxvCSx8dkPqOZCEZyfxcmJG2IA==
  dependencies:
    hash-base "^3.0.0"
    inherits "^2.0.1"

safe-buffer@^5.0.1, safe-buffer@^5.1.0, safe-buffer@^5.1.2, safe-buffer@^5.2.0, safe-buffer@~5.2.0:
  version "5.2.1"
  resolved "https://registry.yarnpkg.com/safe-buffer/-/safe-buffer-5.2.1.tgz#1eaf9fa9bdb1fdd4ec75f58f9cdb4e6b7827eec6"
  integrity sha512-rp3So07KcdmmKbGvgaNxQSJr7bGVSVk5S9Eq1F+ppbRo70+YeaDxkw5Dd8NPN+GD6bjnYm2VuPuCXmpuYvmCXQ==

sha.js@^2.4.0, sha.js@^2.4.8:
  version "2.4.11"
  resolved "https://registry.yarnpkg.com/sha.js/-/sha.js-2.4.11.tgz#37a5cf0b81ecbc6943de109ba2960d1b26584ae7"
  integrity sha512-QMEp5B7cftE7APOjk5Y6xgrbWu+WkLVQwk8JNjZ8nKRciZaByEW6MubieAiToS7+dwvrjGhH8jRXz3MVd0AYqQ==
  dependencies:
    inherits "^2.0.1"
    safe-buffer "^5.0.1"

string_decoder@^1.1.1:
  version "1.3.0"
  resolved "https://registry.yarnpkg.com/string_decoder/-/string_decoder-1.3.0.tgz#42f114594a46cf1a8e30b0a84f56c78c3edac21e"
  integrity sha512-hkRX8U1WjJFd8LsDJ2yQ/wWWxaopEsABU1XfkM8A+j0+85JAGppt16cr1Whg6KIbb4okU6Mql6BOj+uup/wKeA==
  dependencies:
    safe-buffer "~5.2.0"

svg.draggable.js@^2.2.2:
  version "2.2.2"
  resolved "https://registry.yarnpkg.com/svg.draggable.js/-/svg.draggable.js-2.2.2.tgz#c514a2f1405efb6f0263e7958f5b68fce50603ba"
  integrity sha512-JzNHBc2fLQMzYCZ90KZHN2ohXL0BQJGQimK1kGk6AvSeibuKcIdDX9Kr0dT9+UJ5O8nYA0RB839Lhvk4CY4MZw==
  dependencies:
    svg.js "^2.0.1"

svg.easing.js@^2.0.0:
  version "2.0.0"
  resolved "https://registry.yarnpkg.com/svg.easing.js/-/svg.easing.js-2.0.0.tgz#8aa9946b0a8e27857a5c40a10eba4091e5691f12"
  integrity sha1-iqmUawqOJ4V6XEChDrpAkeVpHxI=
  dependencies:
    svg.js ">=2.3.x"

svg.filter.js@^2.0.2:
  version "2.0.2"
  resolved "https://registry.yarnpkg.com/svg.filter.js/-/svg.filter.js-2.0.2.tgz#91008e151389dd9230779fcbe6e2c9a362d1c203"
  integrity sha1-kQCOFROJ3ZIwd5/L5uLJo2LRwgM=
  dependencies:
    svg.js "^2.2.5"

svg.js@>=2.3.x, svg.js@^2.0.1, svg.js@^2.2.5, svg.js@^2.4.0, svg.js@^2.6.5:
  version "2.7.1"
  resolved "https://registry.yarnpkg.com/svg.js/-/svg.js-2.7.1.tgz#eb977ed4737001eab859949b4a398ee1bb79948d"
  integrity sha512-ycbxpizEQktk3FYvn/8BH+6/EuWXg7ZpQREJvgacqn46gIddG24tNNe4Son6omdXCnSOaApnpZw6MPCBA1dODA==

svg.pathmorphing.js@^0.1.3:
  version "0.1.3"
  resolved "https://registry.yarnpkg.com/svg.pathmorphing.js/-/svg.pathmorphing.js-0.1.3.tgz#c25718a1cc7c36e852ecabc380e758ac09bb2b65"
  integrity sha512-49HWI9X4XQR/JG1qXkSDV8xViuTLIWm/B/7YuQELV5KMOPtXjiwH4XPJvr/ghEDibmLQ9Oc22dpWpG0vUDDNww==
  dependencies:
    svg.js "^2.4.0"

svg.resize.js@^1.4.3:
  version "1.4.3"
  resolved "https://registry.yarnpkg.com/svg.resize.js/-/svg.resize.js-1.4.3.tgz#885abd248e0cd205b36b973c4b578b9a36f23332"
  integrity sha512-9k5sXJuPKp+mVzXNvxz7U0uC9oVMQrrf7cFsETznzUDDm0x8+77dtZkWdMfRlmbkEEYvUn9btKuZ3n41oNA+uw==
  dependencies:
    svg.js "^2.6.5"
    svg.select.js "^2.1.2"

svg.select.js@^2.1.2:
  version "2.1.2"
  resolved "https://registry.yarnpkg.com/svg.select.js/-/svg.select.js-2.1.2.tgz#e41ce13b1acff43a7441f9f8be87a2319c87be73"
  integrity sha512-tH6ABEyJsAOVAhwcCjF8mw4crjXSI1aa7j2VQR8ZuJ37H2MBUbyeqYr5nEO7sSN3cy9AR9DUwNg0t/962HlDbQ==
  dependencies:
    svg.js "^2.2.5"

svg.select.js@^3.0.1:
  version "3.0.1"
  resolved "https://registry.yarnpkg.com/svg.select.js/-/svg.select.js-3.0.1.tgz#a4198e359f3825739226415f82176a90ea5cc917"
  integrity sha512-h5IS/hKkuVCbKSieR9uQCj9w+zLHoPh+ce19bBYyqF53g6mnPB8sAtIbe1s9dh2S2fCmYX2xel1Ln3PJBbK4kw==
  dependencies:
    svg.js "^2.6.5"

type-detect@^4.0.0, type-detect@^4.0.5:
  version "4.0.8"
  resolved "https://registry.yarnpkg.com/type-detect/-/type-detect-4.0.8.tgz#7646fb5f18871cfbb7749e69bd39a6388eb7450c"
  integrity sha512-0fr/mIH1dlO+x7TlcMy+bIDqKPsw/70tVyeHW787goQjhmqaZe10uwLujubK9q9Lg6Fiho1KUKDYz0Z7k7g5/g==

util-deprecate@^1.0.1:
  version "1.0.2"
  resolved "https://registry.yarnpkg.com/util-deprecate/-/util-deprecate-1.0.2.tgz#450d4dc9fa70de732762fbd2d4a28981419a0ccf"
  integrity sha1-RQ1Nyfpw3nMnYvvS1KKJgUGaDM8=
